
Microsoft Visual Studio Solution File, Format Version 12.00
# Visual Studio Version 16
VisualStudioVersion = 16.0.30320.27
MinimumVisualStudioVersion = 10.0.40219.1
Project("{FAE04EC0-301F-11D3-BF4B-00C04F79EFBC}") = "Notebook", "WindowsFormsApp1\Notebook.csproj", "{ADE5204E-765C-45A0-B52E-85E643095B09}"
EndProject
Global
	GlobalSection(SolutionConfigurationPlatforms) = preSolution
		Debug|Any CPU = Debug|Any CPU
		Release|Any CPU = Release|Any CPU
	EndGlobalSection
	GlobalSection(ProjectConfigurationPlatforms) = postSolution
		{ADE5204E-765C-45A0-B52E-85E643095B09}.Debug|Any CPU.ActiveCfg = Debug|Any CPU
		{ADE5204E-765C-45A0-B52E-85E643095B09}.Debug|Any CPU.Build.0 = Debug|Any CPU
		{ADE5204E-765C-45A0-B52E-85E643095B09}.Release|Any CPU.ActiveCfg = Release|Any CPU
		{ADE5204E-765C-45A0-B52E-85E643095B09}.Release|Any CPU.Build.0 = Release|Any CPU
	EndGlobalSection
	GlobalSection(SolutionProperties) = preSolution
		HideSolutionNode = FALSE
	EndGlobalSection
	GlobalSection(ExtensibilityGlobals) = postSolution
		SolutionGuid = {44FF5D53-1083-4B23-BA3D-5F8228711AAF}
	EndGlobalSection
EndGlobal
